// !$*UTF8*$!
{
	archiveVersion = 1;
	classes = {
	};
	objectVersion = 77;
	objects = {

/* Begin PBXContainerItemProxy section */
		BCA203002CB49ED8006406A2 /* PBXContainerItemProxy */ = {
			isa = PBXContainerItemProxy;
			containerPortal = BCA202E12CB49ED7006406A2 /* Project object */;
			proxyType = 1;
			remoteGlobalIDString = BCA202E82CB49ED7006406A2;
			remoteInfo = basketBallScoreboardAppVintartas;
		};
		BCA2030A2CB49ED8006406A2 /* PBXContainerItemProxy */ = {
			isa = PBXContainerItemProxy;
			containerPortal = BCA202E12CB49ED7006406A2 /* Project object */;
			proxyType = 1;
			remoteGlobalIDString = BCA202E82CB49ED7006406A2;
			remoteInfo = basketBallScoreboardAppVintartas;
		};
/* End PBXContainerItemProxy section */

/* Begin PBXFileReference section */
		BCA202E92CB49ED7006406A2 /* basketBallScoreboardAppVintartas.app */ = {isa = PBXFileReference; explicitFileType = wrapper.application; includeInIndex = 0; path = basketBallScoreboardAppVintartas.app; sourceTree = BUILT_PRODUCTS_DIR; };
		BCA202FF2CB49ED8006406A2 /* basketBallScoreboardAppVintartasTests.xctest */ = {isa = PBXFileReference; explicitFileType = wrapper.cfbundle; includeInIndex = 0; path = basketBallScoreboardAppVintartasTests.xctest; sourceTree = BUILT_PRODUCTS_DIR; };
		BCA203092CB49ED8006406A2 /* basketBallScoreboardAppVintartasUITests.xctest */ = {isa = PBXFileReference; explicitFileType = wrapper.cfbundle; includeInIndex = 0; path = basketBallScoreboardAppVintartasUITests.xctest; sourceTree = BUILT_PRODUCTS_DIR; };
/* End PBXFileReference section */

/* Begin PBXFileSystemSynchronizedBuildFileExceptionSet section */
		BCA203112CB49ED8006406A2 /* Exceptions for "basketBallScoreboardAppVintartas" folder in "basketBallScoreboardAppVintartas" target */ = {
			isa = PBXFileSystemSynchronizedBuildFileExceptionSet;
			membershipExceptions = (
				Info.plist,
			);
			target = BCA202E82CB49ED7006406A2 /* basketBallScoreboardAppVintartas */;
		};
/* End PBXFileSystemSynchronizedBuildFileExceptionSet section */

/* Begin PBXFileSystemSynchronizedRootGroup section */
		BCA202EB2CB49ED7006406A2 /* basketBallScoreboardAppVintartas */ = {
			isa = PBXFileSystemSynchronizedRootGroup;
			exceptions = (
				BCA203112CB49ED8006406A2 /* Exceptions for "basketBallScoreboardAppVintartas" folder in "basketBallScoreboardAppVintartas" target */,
			);
			path = basketBallScoreboardAppVintartas;
			sourceTree = "<group>";
		};
		BCA203022CB49ED8006406A2 /* basketBallScoreboardAppVintartasTests */ = {
			isa = PBXFileSystemSynchronizedRootGroup;
			path = basketBallScoreboardAppVintartasTests;
			sourceTree = "<group>";
		};
		BCA2030C2CB49ED8006406A2 /* basketBallScoreboardAppVintartasUITests */ = {
			isa = PBXFileSystemSynchronizedRootGroup;
			path = basketBallScoreboardAppVintartasUITests;
			sourceTree = "<group>";
		};
/* End PBXFileSystemSynchronizedRootGroup section */

/* Begin PBXFrameworksBuildPhase section */
		BCA202E62CB49ED7006406A2 /* Frameworks */ = {
			isa = PBXFrameworksBuildPhase;
			buildActionMask = 2147483647;
			files = (
			);
			runOnlyForDeploymentPostprocessing = 0;
		};
		BCA202FC2CB49ED8006406A2 /* Frameworks */ = {
			isa = PBXFrameworksBuildPhase;
			buildActionMask = 2147483647;
			files = (
			);
			runOnlyForDeploymentPostprocessing = 0;
		};
		BCA203062CB49ED8006406A2 /* Frameworks */ = {
			isa = PBXFrameworksBuildPhase;
			buildActionMask = 2147483647;
			files = (
			);
			runOnlyForDeploymentPostprocessing = 0;
		};
/* End PBXFrameworksBuildPhase section */

/* Begin PBXGroup section */
		BCA202E02CB49ED7006406A2 = {
			isa = PBXGroup;
			children = (
				BCA202EB2CB49ED7006406A2 /* basketBallScoreboardAppVintartas */,
				BCA203022CB49ED8006406A2 /* basketBallScoreboardAppVintartasTests */,
				BCA2030C2CB49ED8006406A2 /* basketBallScoreboardAppVintartasUITests */,
				BCA202EA2CB49ED7006406A2 /* Products */,
			);
			sourceTree = "<group>";
		};
		BCA202EA2CB49ED7006406A2 /* Products */ = {
			isa = PBXGroup;
			children = (
				BCA202E92CB49ED7006406A2 /* basketBallScoreboardAppVintartas.app */,
				BCA202FF2CB49ED8006406A2 /* basketBallScoreboardAppVintartasTests.xctest */,
				BCA203092CB49ED8006406A2 /* basketBallScoreboardAppVintartasUITests.xctest */,
			);
			name = Products;
			sourceTree = "<group>";
		};
/* End PBXGroup section */

/* Begin PBXNativeTarget section */
		BCA202E82CB49ED7006406A2 /* basketBallScoreboardAppVintartas */ = {
			isa = PBXNativeTarget;
			buildConfigurationList = BCA203122CB49ED8006406A2 /* Build configuration list for PBXNativeTarget "basketBallScoreboardAppVintartas" */;
			buildPhases = (
				BCA202E52CB49ED7006406A2 /* Sources */,
				BCA202E62CB49ED7006406A2 /* Frameworks */,
				BCA202E72CB49ED7006406A2 /* Resources */,
			);
			buildRules = (
			);
			dependencies = (
			);
			fileSystemSynchronizedGroups = (
				BCA202EB2CB49ED7006406A2 /* basketBallScoreboardAppVintartas */,
			);
			name = basketBallScoreboardAppVintartas;
			packageProductDependencies = (
			);
			productName = basketBallScoreboardAppVintartas;
			productReference = BCA202E92CB49ED7006406A2 /* basketBallScoreboardAppVintartas.app */;
			productType = "com.apple.product-type.application";
		};
		BCA202FE2CB49ED8006406A2 /* basketBallScoreboardAppVintartasTests */ = {
			isa = PBXNativeTarget;
			buildConfigurationList = BCA203172CB49ED8006406A2 /* Build configuration list for PBXNativeTarget "basketBallScoreboardAppVintartasTests" */;
			buildPhases = (
				BCA202FB2CB49ED8006406A2 /* Sources */,
				BCA202FC2CB49ED8006406A2 /* Frameworks */,
				BCA202FD2CB49ED8006406A2 /* Resources */,
			);
			buildRules = (
			);
			dependencies = (
				BCA203012CB49ED8006406A2 /* PBXTargetDependency */,
			);
			fileSystemSynchronizedGroups = (
				BCA203022CB49ED8006406A2 /* basketBallScoreboardAppVintartasTests */,
			);
			name = basketBallScoreboardAppVintartasTests;
			packageProductDependencies = (
			);
			productName = basketBallScoreboardAppVintartasTests;
			productReference = BCA202FF2CB49ED8006406A2 /* basketBallScoreboardAppVintartasTests.xctest */;
			productType = "com.apple.product-type.bundle.unit-test";
		};
		BCA203082CB49ED8006406A2 /* basketBallScoreboardAppVintartasUITests */ = {
			isa = PBXNativeTarget;
			buildConfigurationList = BCA2031A2CB49ED8006406A2 /* Build configuration list for PBXNativeTarget "basketBallScoreboardAppVintartasUITests" */;
			buildPhases = (
				BCA203052CB49ED8006406A2 /* Sources */,
				BCA203062CB49ED8006406A2 /* Frameworks */,
				BCA203072CB49ED8006406A2 /* Resources */,
			);
			buildRules = (
			);
			dependencies = (
				BCA2030B2CB49ED8006406A2 /* PBXTargetDependency */,
			);
			fileSystemSynchronizedGroups = (
				BCA2030C2CB49ED8006406A2 /* basketBallScoreboardAppVintartasUITests */,
			);
			name = basketBallScoreboardAppVintartasUITests;
			packageProductDependencies = (
			);
			productName = basketBallScoreboardAppVintartasUITests;
			productReference = BCA203092CB49ED8006406A2 /* basketBallScoreboardAppVintartasUITests.xctest */;
			productType = "com.apple.product-type.bundle.ui-testing";
		};
/* End PBXNativeTarget section */

/* Begin PBXProject section */
		BCA202E12CB49ED7006406A2 /* Project object */ = {
			isa = PBXProject;
			attributes = {
				BuildIndependentTargetsInParallel = 1;
				LastSwiftUpdateCheck = 1600;
				LastUpgradeCheck = 1600;
				TargetAttributes = {
					BCA202E82CB49ED7006406A2 = {
						CreatedOnToolsVersion = 16.0;
					};
					BCA202FE2CB49ED8006406A2 = {
						CreatedOnToolsVersion = 16.0;
						TestTargetID = BCA202E82CB49ED7006406A2;
					};
					BCA203082CB49ED8006406A2 = {
						CreatedOnToolsVersion = 16.0;
						TestTargetID = BCA202E82CB49ED7006406A2;
					};
				};
			};
			buildConfigurationList = BCA202E42CB49ED7006406A2 /* Build configuration list for PBXProject "basketBallScoreboardAppVintartas" */;
			developmentRegion = en;
			hasScannedForEncodings = 0;
			knownRegions = (
				en,
				Base,
			);
			mainGroup = BCA202E02CB49ED7006406A2;
			minimizedProjectReferenceProxies = 1;
			preferredProjectObjectVersion = 77;
			productRefGroup = BCA202EA2CB49ED7006406A2 /* Products */;
			projectDirPath = "";
			projectRoot = "";
			targets = (
				BCA202E82CB49ED7006406A2 /* basketBallScoreboardAppVintartas */,
				BCA202FE2CB49ED8006406A2 /* basketBallScoreboardAppVintartasTests */,
				BCA203082CB49ED8006406A2 /* basketBallScoreboardAppVintartasUITests */,
			);
		};
/* End PBXProject section */

/* Begin PBXResourcesBuildPhase section */
		BCA202E72CB49ED7006406A2 /* Resources */ = {
			isa = PBXResourcesBuildPhase;
			buildActionMask = 2147483647;
			files = (
			);
			runOnlyForDeploymentPostprocessing = 0;
		};
		BCA202FD2CB49ED8006406A2 /* Resources */ = {
			isa = PBXResourcesBuildPhase;
			buildActionMask = 2147483647;
			files = (
			);
			runOnlyForDeploymentPostprocessing = 0;
		};
		BCA203072CB49ED8006406A2 /* Resources */ = {
			isa = PBXResourcesBuildPhase;
			buildActionMask = 2147483647;
			files = (
			);
			runOnlyForDeploymentPostprocessing = 0;
		};
/* End PBXResourcesBuildPhase section */

/* Begin PBXSourcesBuildPhase section */
		BCA202E52CB49ED7006406A2 /* Sources */ = {
			isa = PBXSourcesBuildPhase;
			buildActionMask = 2147483647;
			files = (
			);
			runOnlyForDeploymentPostprocessing = 0;
		};
		BCA202FB2CB49ED8006406A2 /* Sources */ = {
			isa = PBXSourcesBuildPhase;
			buildActionMask = 2147483647;
			files = (
			);
			runOnlyForDeploymentPostprocessing = 0;
		};
		BCA203052CB49ED8006406A2 /* Sources */ = {
			isa = PBXSourcesBuildPhase;
			buildActionMask = 2147483647;
			files = (
			);
			runOnlyForDeploymentPostprocessing = 0;
		};
/* End PBXSourcesBuildPhase section */

/* Begin PBXTargetDependency section */
		BCA203012CB49ED8006406A2 /* PBXTargetDependency */ = {
			isa = PBXTargetDependency;
			target = BCA202E82CB49ED7006406A2 /* basketBallScoreboardAppVintartas */;
			targetProxy = BCA203002CB49ED8006406A2 /* PBXContainerItemProxy */;
		};
		BCA2030B2CB49ED8006406A2 /* PBXTargetDependency */ = {
			isa = PBXTargetDependency;
			target = BCA202E82CB49ED7006406A2 /* basketBallScoreboardAppVintartas */;
			targetProxy = BCA2030A2CB49ED8006406A2 /* PBXContainerItemProxy */;
		};
/* End PBXTargetDependency section */

/* Begin XCBuildConfiguration section */
		BCA203132CB49ED8006406A2 /* Debug */ = {
			isa = XCBuildConfiguration;
			buildSettings = {
				ASSETCATALOG_COMPILER_APPICON_NAME = AppIcon;
				ASSETCATALOG_COMPILER_GLOBAL_ACCENT_COLOR_NAME = AccentColor;
				CODE_SIGN_STYLE = Automatic;
				CURRENT_PROJECT_VERSION = 1;
				DEVELOPMENT_TEAM = QZH5CK49UU;
				GENERATE_INFOPLIST_FILE = YES;
				INFOPLIST_FILE = basketBallScoreboardAppVintartas/Info.plist;
				INFOPLIST_KEY_UIApplicationSupportsIndirectInputEvents = YES;
				INFOPLIST_KEY_UILaunchStoryboardName = LaunchScreen;
				INFOPLIST_KEY_UIMainStoryboardFile = Main;
				INFOPLIST_KEY_UISupportedInterfaceOrientations_iPad = "UIInterfaceOrientationPortrait UIInterfaceOrientationPortraitUpsideDown UIInterfaceOrientationLandscapeLeft UIInterfaceOrientationLandscapeRight";
				INFOPLIST_KEY_UISupportedInterfaceOrientations_iPhone = "UIInterfaceOrientationPortrait UIInterfaceOrientationLandscapeLeft UIInterfaceOrientationLandscapeRight";
				LD_RUNPATH_SEARCH_PATHS = (
					"$(inherited)",
					"@executable_path/Frameworks",
				);
				MARKETING_VERSION = 1.0;
				PRODUCT_BUNDLE_IDENTIFIER = njv.basketBallScoreboardAppVintartas;
				PRODUCT_NAME = "$(TARGET_NAME)";
				SWIFT_EMIT_LOC_STRINGS = YES;
				SWIFT_VERSION = 5.0;
				TARGETED_DEVICE_FAMILY = "1,2";
			};
			name = Debug;
		};
		BCA203142CB49ED8006406A2 /* Release */ = {
			isa = XCBuildConfiguration;
			buildSettings = {
				ASSETCATALOG_COMPILER_APPICON_NAME = AppIcon;
				ASSETCATALOG_COMPILER_GLOBAL_ACCENT_COLOR_NAME = AccentColor;
				CODE_SIGN_STYLE = Automatic;
				CURRENT_PROJECT_VERSION = 1;
				DEVELOPMENT_TEAM = QZH5CK49UU;
				GENERATE_INFOPLIST_FILE = YES;
				INFOPLIST_FILE = basketBallScoreboardAppVintartas/Info.plist;
				INFOPLIST_KEY_UIApplicationSupportsIndirectInputEvents = YES;
				INFOPLIST_KEY_UILaunchStoryboardName = LaunchScreen;
				INFOPLIST_KEY_UIMainStoryboardFile = Main;
				INFOPLIST_KEY_UISupportedInterfaceOrientations_iPad = "UIInterfaceOrientationPortrait UIInterfaceOrientationPortraitUpsideDown UIInterfaceOrientationLandscapeLeft UIInterfaceOrientationLandscapeRight";
				INFOPLIST_KEY_UISupportedInterfaceOrientations_iPhone = "UIInterfaceOrientationPortrait UIInterfaceOrientationLandscapeLeft UIInterfaceOrientationLandscapeRight";
				LD_RUNPATH_SEARCH_PATHS = (
					"$(inherited)",
					"@executable_path/Frameworks",
				);
				MARKETING_VERSION = 1.0;
				PRODUCT_BUNDLE_IDENTIFIER = njv.basketBallScoreboardAppVintartas;
				PRODUCT_NAME = "$(TARGET_NAME)";
				SWIFT_EMIT_LOC_STRINGS = YES;
				SWIFT_VERSION = 5.0;
				TARGETED_DEVICE_FAMILY = "1,2";
			};
			name = Release;
		};
		BCA203152CB49ED8006406A2 /* Debug */ = {
			isa = XCBuildConfiguration;
			buildSettings = {
				ALWAYS_SEARCH_USER_PATHS = NO;
				ASSETCATALOG_COMPILER_GENERATE_SWIFT_ASSET_SYMBOL_EXTENSIONS = YES;
				CLANG_ANALYZER_NONNULL = YES;
				CLANG_ANALYZER_NUMBER_OBJECT_CONVERSION = YES_AGGRESSIVE;
				CLANG_CXX_LANGUAGE_STANDARD = "gnu++20";
				CLANG_ENABLE_MODULES = YES;
				CLANG_ENABLE_OBJC_ARC = YES;
				CLANG_ENABLE_OBJC_WEAK = YES;
				CLANG_WARN_BLOCK_CAPTURE_AUTORELEASING = YES;
				CLANG_WARN_BOOL_CONVERSION = YES;
				CLANG_WARN_COMMA = YES;
				CLANG_WARN_CONSTANT_CONVERSION = YES;
				CLANG_WARN_DEPRECATED_OBJC_IMPLEMENTATIONS = YES;
				CLANG_WARN_DIRECT_OBJC_ISA_USAGE = YES_ERROR;
				CLANG_WARN_DOCUMENTATION_COMMENTS = YES;
				CLANG_WARN_EMPTY_BODY = YES;
				CLANG_WARN_ENUM_CONVERSION = YES;
				CLANG_WARN_INFINITE_RECURSION = YES;
				CLANG_WARN_INT_CONVERSION = YES;
				CLANG_WARN_NON_LITERAL_NULL_CONVERSION = YES;
				CLANG_WARN_OBJC_IMPLICIT_RETAIN_SELF = YES;
				CLANG_WARN_OBJC_LITERAL_CONVERSION = YES;
				CLANG_WARN_OBJC_ROOT_CLASS = YES_ERROR;
				CLANG_WARN_QUOTED_INCLUDE_IN_FRAMEWORK_HEADER = YES;
				CLANG_WARN_RANGE_LOOP_ANALYSIS = YES;
				CLANG_WARN_STRICT_PROTOTYPES = YES;
				CLANG_WARN_SUSPICIOUS_MOVE = YES;
				CLANG_WARN_UNGUARDED_AVAILABILITY = YES_AGGRESSIVE;
				CLANG_WARN_UNREACHABLE_CODE = YES;
				CLANG_WARN__DUPLICATE_METHOD_MATCH = YES;
				COPY_PHASE_STRIP = NO;
				DEBUG_INFORMATION_FORMAT = dwarf;
				ENABLE_STRICT_OBJC_MSGSEND = YES;
				ENABLE_TESTABILITY = YES;
				ENABLE_USER_SCRIPT_SANDBOXING = YES;
				GCC_C_LANGUAGE_STANDARD = gnu17;
				GCC_DYNAMIC_NO_PIC = NO;
				GCC_NO_COMMON_BLOCKS = YES;
				GCC_OPTIMIZATION_LEVEL = 0;
				GCC_PREPROCESSOR_DEFINITIONS = (
					"DEBUG=1",
					"$(inherited)",
				);
				GCC_WARN_64_TO_32_BIT_CONVERSION = YES;
				GCC_WARN_ABOUT_RETURN_TYPE = YES_ERROR;
				GCC_WARN_UNDECLARED_SELECTOR = YES;
				GCC_WARN_UNINITIALIZED_AUTOS = YES_AGGRESSIVE;
				GCC_WARN_UNUSED_FUNCTION = YES;
				GCC_WARN_UNUSED_VARIABLE = YES;
				IPHONEOS_DEPLOYMENT_TARGET = 18.0;
				LOCALIZATION_PREFERS_STRING_CATALOGS = YES;
				MTL_ENABLE_DEBUG_INFO = INCLUDE_SOURCE;
				MTL_FAST_MATH = YES;
				ONLY_ACTIVE_ARCH = YES;
				SDKROOT = iphoneos;
				SWIFT_ACTIVE_COMPILATION_CONDITIONS = "DEBUG $(inherited)";
				SWIFT_OPTIMIZATION_LEVEL = "-Onone";
			};
			name = Debug;
		};
		BCA203162CB49ED8006406A2 /* Release */ = {
			isa = XCBuildConfiguration;
			buildSettings = {
				ALWAYS_SEARCH_USER_PATHS = NO;
				ASSETCATALOG_COMPILER_GENERATE_SWIFT_ASSET_SYMBOL_EXTENSIONS = YES;
				CLANG_ANALYZER_NONNULL = YES;
				CLANG_ANALYZER_NUMBER_OBJECT_CONVERSION = YES_AGGRESSIVE;
				CLANG_CXX_LANGUAGE_STANDARD = "gnu++20";
				CLANG_ENABLE_MODULES = YES;
				CLANG_ENABLE_OBJC_ARC = YES;
				CLANG_ENABLE_OBJC_WEAK = YES;
				CLANG_WARN_BLOCK_CAPTURE_AUTORELEASING = YES;
				CLANG_WARN_BOOL_CONVERSION = YES;
				CLANG_WARN_COMMA = YES;
				CLANG_WARN_CONSTANT_CONVERSION = YES;
				CLANG_WARN_DEPRECATED_OBJC_IMPLEMENTATIONS = YES;
				CLANG_WARN_DIRECT_OBJC_ISA_USAGE = YES_ERROR;
				CLANG_WARN_DOCUMENTATION_COMMENTS = YES;
				CLANG_WARN_EMPTY_BODY = YES;
				CLANG_WARN_ENUM_CONVERSION = YES;
				CLANG_WARN_INFINITE_RECURSION = YES;
				CLANG_WARN_INT_CONVERSION = YES;
				CLANG_WARN_NON_LITERAL_NULL_CONVERSION = YES;
				CLANG_WARN_OBJC_IMPLICIT_RETAIN_SELF = YES;
				CLANG_WARN_OBJC_LITERAL_CONVERSION = YES;
				CLANG_WARN_OBJC_ROOT_CLASS = YES_ERROR;
				CLANG_WARN_QUOTED_INCLUDE_IN_FRAMEWORK_HEADER = YES;
				CLANG_WARN_RANGE_LOOP_ANALYSIS = YES;
				CLANG_WARN_STRICT_PROTOTYPES = YES;
				CLANG_WARN_SUSPICIOUS_MOVE = YES;
				CLANG_WARN_UNGUARDED_AVAILABILITY = YES_AGGRESSIVE;
				CLANG_WARN_UNREACHABLE_CODE = YES;
				CLANG_WARN__DUPLICATE_METHOD_MATCH = YES;
				COPY_PHASE_STRIP = NO;
				DEBUG_INFORMATION_FORMAT = "dwarf-with-dsym";
				ENABLE_NS_ASSERTIONS = NO;
				ENABLE_STRICT_OBJC_MSGSEND = YES;
				ENABLE_USER_SCRIPT_SANDBOXING = YES;
				GCC_C_LANGUAGE_STANDARD = gnu17;
				GCC_NO_COMMON_BLOCKS = YES;
				GCC_WARN_64_TO_32_BIT_CONVERSION = YES;
				GCC_WARN_ABOUT_RETURN_TYPE = YES_ERROR;
				GCC_WARN_UNDECLARED_SELECTOR = YES;
				GCC_WARN_UNINITIALIZED_AUTOS = YES_AGGRESSIVE;
				GCC_WARN_UNUSED_FUNCTION = YES;
				GCC_WARN_UNUSED_VARIABLE = YES;
				IPHONEOS_DEPLOYMENT_TARGET = 18.0;
				LOCALIZATION_PREFERS_STRING_CATALOGS = YES;
				MTL_ENABLE_DEBUG_INFO = NO;
				MTL_FAST_MATH = YES;
				SDKROOT = iphoneos;
				SWIFT_COMPILATION_MODE = wholemodule;
				VALIDATE_PRODUCT = YES;
			};
			name = Release;
		};
		BCA203182CB49ED8006406A2 /* Debug */ = {
			isa = XCBuildConfiguration;
			buildSettings = {
				BUNDLE_LOADER = "$(TEST_HOST)";
				CODE_SIGN_STYLE = Automatic;
				CURRENT_PROJECT_VERSION = 1;
				DEVELOPMENT_TEAM = QZH5CK49UU;
				GENERATE_INFOPLIST_FILE = YES;
				IPHONEOS_DEPLOYMENT_TARGET = 18.0;
				MARKETING_VERSION = 1.0;
				PRODUCT_BUNDLE_IDENTIFIER = njv.basketBallScoreboardAppVintartasTests;
				PRODUCT_NAME = "$(TARGET_NAME)";
				SWIFT_EMIT_LOC_STRINGS = NO;
				SWIFT_VERSION = 5.0;
				TARGETED_DEVICE_FAMILY = "1,2";
				TEST_HOST = "$(BUILT_PRODUCTS_DIR)/basketBallScoreboardAppVintartas.app/$(BUNDLE_EXECUTABLE_FOLDER_PATH)/basketBallScoreboardAppVintartas";
			};
			name = Debug;
		};
		BCA203192CB49ED8006406A2 /* Release */ = {
			isa = XCBuildConfiguration;
			buildSettings = {
				BUNDLE_LOADER = "$(TEST_HOST)";
				CODE_SIGN_STYLE = Automatic;
				CURRENT_PROJECT_VERSION = 1;
				DEVELOPMENT_TEAM = QZH5CK49UU;
				GENERATE_INFOPLIST_FILE = YES;
				IPHONEOS_DEPLOYMENT_TARGET = 18.0;
				MARKETING_VERSION = 1.0;
				PRODUCT_BUNDLE_IDENTIFIER = njv.basketBallScoreboardAppVintartasTests;
				PRODUCT_NAME = "$(TARGET_NAME)";
				SWIFT_EMIT_LOC_STRINGS = NO;
				SWIFT_VERSION = 5.0;
				TARGETED_DEVICE_FAMILY = "1,2";
				TEST_HOST = "$(BUILT_PRODUCTS_DIR)/basketBallScoreboardAppVintartas.app/$(BUNDLE_EXECUTABLE_FOLDER_PATH)/basketBallScoreboardAppVintartas";
			};
			name = Release;
		};
		BCA2031B2CB49ED8006406A2 /* Debug */ = {
			isa = XCBuildConfiguration;
			buildSettings = {
				CODE_SIGN_STYLE = Automatic;
				CURRENT_PROJECT_VERSION = 1;
				DEVELOPMENT_TEAM = QZH5CK49UU;
				GENERATE_INFOPLIST_FILE = YES;
				MARKETING_VERSION = 1.0;
				PRODUCT_BUNDLE_IDENTIFIER = njv.basketBallScoreboardAppVintartasUITests;
				PRODUCT_NAME = "$(TARGET_NAME)";
				SWIFT_EMIT_LOC_STRINGS = NO;
				SWIFT_VERSION = 5.0;
				TARGETED_DEVICE_FAMILY = "1,2";
				TEST_TARGET_NAME = basketBallScoreboardAppVintartas;
			};
			name = Debug;
		};
		BCA2031C2CB49ED8006406A2 /* Release */ = {
			isa = XCBuildConfiguration;
			buildSettings = {
				CODE_SIGN_STYLE = Automatic;
				CURRENT_PROJECT_VERSION = 1;
				DEVELOPMENT_TEAM = QZH5CK49UU;
				GENERATE_INFOPLIST_FILE = YES;
				MARKETING_VERSION = 1.0;
				PRODUCT_BUNDLE_IDENTIFIER = njv.basketBallScoreboardAppVintartasUITests;
				PRODUCT_NAME = "$(TARGET_NAME)";
				SWIFT_EMIT_LOC_STRINGS = NO;
				SWIFT_VERSION = 5.0;
				TARGETED_DEVICE_FAMILY = "1,2";
				TEST_TARGET_NAME = basketBallScoreboardAppVintartas;
			};
			name = Release;
		};
/* End XCBuildConfiguration section */

/* Begin XCConfigurationList section */
		BCA202E42CB49ED7006406A2 /* Build configuration list for PBXProject "basketBallScoreboardAppVintartas" */ = {
			isa = XCConfigurationList;
			buildConfigurations = (
				BCA203152CB49ED8006406A2 /* Debug */,
				BCA203162CB49ED8006406A2 /* Release */,
			);
			defaultConfigurationIsVisible = 0;
			defaultConfigurationName = Release;
		};
		BCA203122CB49ED8006406A2 /* Build configuration list for PBXNativeTarget "basketBallScoreboardAppVintartas" */ = {
			isa = XCConfigurationList;
			buildConfigurations = (
				BCA203132CB49ED8006406A2 /* Debug */,
				BCA203142CB49ED8006406A2 /* Release */,
			);
			defaultConfigurationIsVisible = 0;
			defaultConfigurationName = Release;
		};
		BCA203172CB49ED8006406A2 /* Build configuration list for PBXNativeTarget "basketBallScoreboardAppVintartasTests" */ = {
			isa = XCConfigurationList;
			buildConfigurations = (
				BCA203182CB49ED8006406A2 /* Debug */,
				BCA203192CB49ED8006406A2 /* Release */,
			);
			defaultConfigurationIsVisible = 0;
			defaultConfigurationName = Release;
		};
		BCA2031A2CB49ED8006406A2 /* Build configuration list for PBXNativeTarget "basketBallScoreboardAppVintartasUITests" */ = {
			isa = XCConfigurationList;
			buildConfigurations = (
				BCA2031B2CB49ED8006406A2 /* Debug */,
				BCA2031C2CB49ED8006406A2 /* Release */,
			);
			defaultConfigurationIsVisible = 0;
			defaultConfigurationName = Release;
		};
/* End XCConfigurationList section */
	};
	rootObject = BCA202E12CB49ED7006406A2 /* Project object */;
}
